[[package]]
name = "atomicwrites"
version = "1.4.0"
description = "Atomic file writes."
category = "dev"
optional = false
python-versions = ">=2.7, !=3.0.*, !=3.1.*, !=3.2.*, !=3.3.*"

[[package]]
name = "attrs"
version = "21.4.0"
description = "Classes Without Boilerplate"
category = "main"
optional = false
python-versions = ">=2.7, !=3.0.*, !=3.1.*, !=3.2.*, !=3.3.*, !=3.4.*"

[package.extras]
dev = ["coverage[toml] (>=5.0.2)", "hypothesis", "pympler", "pytest (>=4.3.0)", "six", "mypy", "pytest-mypy-plugins", "zope.interface", "furo", "sphinx", "sphinx-notfound-page", "pre-commit", "cloudpickle"]
docs = ["furo", "sphinx", "zope.interface", "sphinx-notfound-page"]
tests = ["coverage[toml] (>=5.0.2)", "hypothesis", "pympler", "pytest (>=4.3.0)", "six", "mypy", "pytest-mypy-plugins", "zope.interface", "cloudpickle"]
tests_no_zope = ["coverage[toml] (>=5.0.2)", "hypothesis", "pympler", "pytest (>=4.3.0)", "six", "mypy", "pytest-mypy-plugins", "cloudpickle"]

[[package]]
name = "colorama"
version = "0.4.5"
description = "Cross-platform colored terminal text."
category = "dev"
optional = false
python-versions = ">=2.7, !=3.0.*, !=3.1.*, !=3.2.*, !=3.3.*, !=3.4.*"

[[package]]
name = "coverage"
version = "6.4.1"
description = "Code coverage measurement for Python"
category = "dev"
optional = false
python-versions = ">=3.7"

[package.dependencies]
tomli = {version = "*", optional = true, markers = "python_full_version <= \"3.11.0a6\" and extra == \"toml\""}

[package.extras]
toml = ["tomli"]

[[package]]
name = "importlib-metadata"
version = "4.11.4"
description = "Read metadata from Python packages"
category = "main"
optional = false
python-versions = ">=3.7"

[package.dependencies]
typing-extensions = {version = ">=3.6.4", markers = "python_version < \"3.8\""}
zipp = ">=0.5"

[package.extras]
docs = ["sphinx", "jaraco.packaging (>=9)", "rst.linker (>=1.9)"]
perf = ["ipython"]
testing = ["pytest (>=6)", "pytest-checkdocs (>=2.4)", "pytest-flake8", "pytest-cov", "pytest-enabler (>=1.0.1)", "packaging", "pyfakefs", "flufl.flake8", "pytest-perf (>=0.9.2)", "pytest-black (>=0.3.7)", "pytest-mypy (>=0.9.1)", "importlib-resources (>=1.3)"]

[[package]]
name = "importlib-resources"
version = "5.8.0"
description = "Read resources from Python packages"
category = "main"
optional = false
python-versions = ">=3.7"

[package.dependencies]
zipp = {version = ">=3.1.0", markers = "python_version < \"3.10\""}

[package.extras]
docs = ["sphinx", "jaraco.packaging (>=9)", "rst.linker (>=1.9)"]
testing = ["pytest (>=6)", "pytest-checkdocs (>=2.4)", "pytest-flake8", "pytest-cov", "pytest-enabler (>=1.0.1)", "pytest-black (>=0.3.7)", "pytest-mypy (>=0.9.1)"]

[[package]]
name = "iniconfig"
version = "1.1.1"
description = "iniconfig: brain-dead simple config-ini parsing"
category = "dev"
optional = false
python-versions = "*"

[[package]]
name = "jsonpatch"
version = "1.32"
description = "Apply JSON-Patches (RFC 6902)"
category = "main"
optional = false
python-versions = ">=2.7, !=3.0.*, !=3.1.*, !=3.2.*, !=3.3.*, !=3.4.*"

[package.dependencies]
jsonpointer = ">=1.9"

[[package]]
name = "jsonpointer"
version = "2.3"
description = "Identify specific nodes in a JSON document (RFC 6901)"
category = "main"
optional = false
python-versions = ">=2.7, !=3.0.*, !=3.1.*, !=3.2.*, !=3.3.*"

[[package]]
name = "jsonschema"
version = "4.6.0"
description = "An implementation of JSON Schema validation for Python"
category = "main"
optional = false
python-versions = ">=3.7"

[package.dependencies]
attrs = ">=17.4.0"
importlib-metadata = {version = "*", markers = "python_version < \"3.8\""}
importlib-resources = {version = ">=1.4.0", markers = "python_version < \"3.9\""}
pyrsistent = ">=0.14.0,<0.17.0 || >0.17.0,<0.17.1 || >0.17.1,<0.17.2 || >0.17.2"
typing-extensions = {version = "*", markers = "python_version < \"3.8\""}

[package.extras]
format = ["fqdn", "idna", "isoduration", "jsonpointer (>1.13)", "rfc3339-validator", "rfc3987", "uri-template", "webcolors (>=1.11)"]
format-nongpl = ["fqdn", "idna", "isoduration", "jsonpointer (>1.13)", "rfc3339-validator", "rfc3986-validator (>0.1.0)", "uri-template", "webcolors (>=1.11)"]

[[package]]
name = "packaging"
version = "21.3"
description = "Core utilities for Python packages"
category = "dev"
optional = false
python-versions = ">=3.6"

[package.dependencies]
pyparsing = ">=2.0.2,<3.0.5 || >3.0.5"

[[package]]
name = "pluggy"
version = "1.0.0"
description = "plugin and hook calling mechanisms for python"
category = "dev"
optional = false
python-versions = ">=3.6"

[package.dependencies]
importlib-metadata = {version = ">=0.12", markers = "python_version < \"3.8\""}

[package.extras]
dev = ["pre-commit", "tox"]
testing = ["pytest", "pytest-benchmark"]

[[package]]
name = "py"
version = "1.11.0"
description = "library with cross-python path, ini-parsing, io, code, log facilities"
category = "dev"
optional = false
python-versions = ">=2.7, !=3.0.*, !=3.1.*, !=3.2.*, !=3.3.*, !=3.4.*"

[[package]]
name = "pyparsing"
version = "3.0.9"
description = "pyparsing module - Classes and methods to define and execute parsing grammars"
category = "dev"
optional = false
python-versions = ">=3.6.8"

[package.extras]
diagrams = ["railroad-diagrams", "jinja2"]

[[package]]
name = "pyrsistent"
version = "0.18.1"
description = "Persistent/Functional/Immutable data structures"
category = "main"
optional = false
python-versions = ">=3.7"

[[package]]
name = "pytest"
version = "6.2.5"
description = "pytest: simple powerful testing with Python"
category = "dev"
optional = false
python-versions = ">=3.6"

[package.dependencies]
atomicwrites = {version = ">=1.0", markers = "sys_platform == \"win32\""}
attrs = ">=19.2.0"
colorama = {version = "*", markers = "sys_platform == \"win32\""}
importlib-metadata = {version = ">=0.12", markers = "python_version < \"3.8\""}
iniconfig = "*"
packaging = "*"
pluggy = ">=0.12,<2.0"
py = ">=1.8.2"
toml = "*"

[package.extras]
testing = ["argcomplete", "hypothesis (>=3.56)", "mock", "nose", "requests", "xmlschema"]

[[package]]
name = "pytest-cov"
version = "3.0.0"
description = "Pytest plugin for measuring coverage."
category = "dev"
optional = false
python-versions = ">=3.6"

[package.dependencies]
coverage = {version = ">=5.2.1", extras = ["toml"]}
pytest = ">=4.6"

[package.extras]
testing = ["fields", "hunter", "process-tests", "six", "pytest-xdist", "virtualenv"]

[[package]]
name = "toml"
version = "0.10.2"
description = "Python Library for Tom's Obvious, Minimal Language"
category = "dev"
optional = false
python-versions = ">=2.6, !=3.0.*, !=3.1.*, !=3.2.*"

[[package]]
name = "tomli"
version = "2.0.1"
description = "A lil' TOML parser"
category = "dev"
optional = false
python-versions = ">=3.7"

[[package]]
name = "typing-extensions"
version = "4.2.0"
description = "Backported and Experimental Type Hints for Python 3.7+"
category = "main"
optional = false
python-versions = ">=3.7"

[[package]]
name = "zipp"
version = "3.8.0"
description = "Backport of pathlib-compatible object wrapper for zip files"
category = "main"
optional = false
python-versions = ">=3.7"

[package.extras]
docs = ["sphinx", "jaraco.packaging (>=9)", "rst.linker (>=1.9)"]
testing = ["pytest (>=6)", "pytest-checkdocs (>=2.4)", "pytest-flake8", "pytest-cov", "pytest-enabler (>=1.0.1)", "jaraco.itertools", "func-timeout", "pytest-black (>=0.3.7)", "pytest-mypy (>=0.9.1)"]

[metadata]
lock-version = "1.1"
python-versions = "^3.7"
content-hash = "522d884f572779dc37518150b5451de574501979fdbf7f0f58ba6da21ac0f0e1"

[metadata.files]
atomicwrites = [
    {file = "atomicwrites-1.4.0-py2.py3-none-any.whl", hash = "sha256:6d1784dea7c0c8d4a5172b6c620f40b6e4cbfdf96d783691f2e1302a7b88e197"},
    {file = "atomicwrites-1.4.0.tar.gz", hash = "sha256:ae70396ad1a434f9c7046fd2dd196fc04b12f9e91ffb859164193be8b6168a7a"},
]
attrs = [
    {file = "attrs-21.4.0-py2.py3-none-any.whl", hash = "sha256:2d27e3784d7a565d36ab851fe94887c5eccd6a463168875832a1be79c82828b4"},
    {file = "attrs-21.4.0.tar.gz", hash = "sha256:626ba8234211db98e869df76230a137c4c40a12d72445c45d5f5b716f076e2fd"},
]
colorama = [
    {file = "colorama-0.4.5-py2.py3-none-any.whl", hash = "sha256:854bf444933e37f5824ae7bfc1e98d5bce2ebe4160d46b5edf346a89358e99da"},
    {file = "colorama-0.4.5.tar.gz", hash = "sha256:e6c6b4334fc50988a639d9b98aa429a0b57da6e17b9a44f0451f930b6967b7a4"},
]
coverage = [
    {file = "coverage-6.4.1-cp310-cp310-macosx_10_9_x86_64.whl", hash = "sha256:f1d5aa2703e1dab4ae6cf416eb0095304f49d004c39e9db1d86f57924f43006b"},
    {file = "coverage-6.4.1-cp310-cp310-macosx_11_0_arm64.whl", hash = "sha256:4ce1b258493cbf8aec43e9b50d89982346b98e9ffdfaae8ae5793bc112fb0068"},
    {file = "coverage-6.4.1-cp310-cp310-manylinux_2_17_aarch64.manylinux2014_aarch64.whl", hash = "sha256:83c4e737f60c6936460c5be330d296dd5b48b3963f48634c53b3f7deb0f34ec4"},
    {file = "coverage-6.4.1-cp310-cp310-manylinux_2_5_i686.manylinux1_i686.manylinux_2_17_i686.manylinux2014_i686.whl", hash = "sha256:84e65ef149028516c6d64461b95a8dbcfce95cfd5b9eb634320596173332ea84"},
    {file = "coverage-6.4.1-cp310-cp310-manylinux_2_5_x86_64.manylinux1_x86_64.manylinux_2_17_x86_64.manylinux2014_x86_64.whl", hash = "sha256:f69718750eaae75efe506406c490d6fc5a6161d047206cc63ce25527e8a3adad"},
    {file = "coverage-6.4.1-cp310-cp310-musllinux_1_1_aarch64.whl", hash = "sha256:e57816f8ffe46b1df8f12e1b348f06d164fd5219beba7d9433ba79608ef011cc"},
    {file = "coverage-6.4.1-cp310-cp310-musllinux_1_1_i686.whl", hash = "sha256:01c5615d13f3dd3aa8543afc069e5319cfa0c7d712f6e04b920431e5c564a749"},
    {file = "coverage-6.4.1-cp310-cp310-musllinux_1_1_x86_64.whl", hash = "sha256:75ab269400706fab15981fd4bd5080c56bd5cc07c3bccb86aab5e1d5a88dc8f4"},
    {file = "coverage-6.4.1-cp310-cp310-win32.whl", hash = "sha256:a7f3049243783df2e6cc6deafc49ea123522b59f464831476d3d1448e30d72df"},
    {file = "coverage-6.4.1-cp310-cp310-win_amd64.whl", hash = "sha256:ee2ddcac99b2d2aec413e36d7a429ae9ebcadf912946b13ffa88e7d4c9b712d6"},
    {file = "coverage-6.4.1-cp37-cp37m-macosx_10_9_x86_64.whl", hash = "sha256:fb73e0011b8793c053bfa85e53129ba5f0250fdc0392c1591fd35d915ec75c46"},
    {file = "coverage-6.4.1-cp37-cp37m-manylinux_2_17_aarch64.manylinux2014_aarch64.whl", hash = "sha256:106c16dfe494de3193ec55cac9640dd039b66e196e4641fa8ac396181578b982"},
    {file = "coverage-6.4.1-cp37-cp37m-manylinux_2_5_i686.manylinux1_i686.manylinux_2_17_i686.manylinux2014_i686.whl", hash = "sha256:87f4f3df85aa39da00fd3ec4b5abeb7407e82b68c7c5ad181308b0e2526da5d4"},
    {file = "coverage-6.4.1-cp37-cp37m-manylinux_2_5_x86_64.manylinux1_x86_64.manylinux_2_17_x86_64.manylinux2014_x86_64.whl", hash = "sha256:961e2fb0680b4f5ad63234e0bf55dfb90d302740ae9c7ed0120677a94a1590cb"},
    {file = "coverage-6.4.1-cp37-cp37m-musllinux_1_1_aarch64.whl", hash = "sha256:cec3a0f75c8f1031825e19cd86ee787e87cf03e4fd2865c79c057092e69e3a3b"},
    {file = "coverage-6.4.1-cp37-cp37m-musllinux_1_1_i686.whl", hash = "sha256:129cd05ba6f0d08a766d942a9ed4b29283aff7b2cccf5b7ce279d50796860bb3"},
    {file = "coverage-6.4.1-cp37-cp37m-musllinux_1_1_x86_64.whl", hash = "sha256:bf5601c33213d3cb19d17a796f8a14a9eaa5e87629a53979a5981e3e3ae166f6"},
    {file = "coverage-6.4.1-cp37-cp37m-win32.whl", hash = "sha256:269eaa2c20a13a5bf17558d4dc91a8d078c4fa1872f25303dddcbba3a813085e"},
    {file = "coverage-6.4.1-cp37-cp37m-win_amd64.whl", hash = "sha256:f02cbbf8119db68455b9d763f2f8737bb7db7e43720afa07d8eb1604e5c5ae28"},
    {file = "coverage-6.4.1-cp38-cp38-macosx_10_9_x86_64.whl", hash = "sha256:ffa9297c3a453fba4717d06df579af42ab9a28022444cae7fa605af4df612d54"},
    {file = "coverage-6.4.1-cp38-cp38-macosx_11_0_arm64.whl", hash = "sha256:145f296d00441ca703a659e8f3eb48ae39fb083baba2d7ce4482fb2723e050d9"},
    {file = "coverage-6.4.1-cp38-cp38-manylinux_2_17_aarch64.manylinux2014_aarch64.whl", hash = "sha256:d67d44996140af8b84284e5e7d398e589574b376fb4de8ccd28d82ad8e3bea13"},
    {file = "coverage-6.4.1-cp38-cp38-manylinux_2_5_i686.manylinux1_i686.manylinux_2_17_i686.manylinux2014_i686.whl", hash = "sha256:2bd9a6fc18aab8d2e18f89b7ff91c0f34ff4d5e0ba0b33e989b3cd4194c81fd9"},
    {file = "coverage-6.4.1-cp38-cp38-manylinux_2_5_x86_64.manylinux1_x86_64.manylinux_2_17_x86_64.manylinux2014_x86_64.whl", hash = "sha256:3384f2a3652cef289e38100f2d037956194a837221edd520a7ee5b42d00cc605"},
    {file = "coverage-6.4.1-cp38-cp38-musllinux_1_1_aarch64.whl", hash = "sha256:9b3e07152b4563722be523e8cd0b209e0d1a373022cfbde395ebb6575bf6790d"},
    {file = "coverage-6.4.1-cp38-cp38-musllinux_1_1_i686.whl", hash = "sha256:1480ff858b4113db2718848d7b2d1b75bc79895a9c22e76a221b9d8d62496428"},
    {file = "coverage-6.4.1-cp38-cp38-musllinux_1_1_x86_64.whl", hash = "sha256:865d69ae811a392f4d06bde506d531f6a28a00af36f5c8649684a9e5e4a85c83"},
    {file = "coverage-6.4.1-cp38-cp38-win32.whl", hash = "sha256:664a47ce62fe4bef9e2d2c430306e1428ecea207ffd68649e3b942fa8ea83b0b"},
    {file = "coverage-6.4.1-cp38-cp38-win_amd64.whl", hash = "sha256:26dff09fb0d82693ba9e6231248641d60ba606150d02ed45110f9ec26404ed1c"},
    {file = "coverage-6.4.1-cp39-cp39-macosx_10_9_x86_64.whl", hash = "sha256:d9c80df769f5ec05ad21ea34be7458d1dc51ff1fb4b2219e77fe24edf462d6df"},
    {file = "coverage-6.4.1-cp39-cp39-macosx_11_0_arm64.whl", hash = "sha256:39ee53946bf009788108b4dd2894bf1349b4e0ca18c2016ffa7d26ce46b8f10d"},
    {file = "coverage-6.4.1-cp39-cp39-manylinux_2_17_aarch64.manylinux2014_aarch64.whl", hash = "sha256:f5b66caa62922531059bc5ac04f836860412f7f88d38a476eda0a6f11d4724f4"},
    {file = "coverage-6.4.1-cp39-cp39-manylinux_2_5_i686.manylinux1_i686.manylinux_2_17_i686.manylinux2014_i686.whl", hash = "sha256:fd180ed867e289964404051a958f7cccabdeed423f91a899829264bb7974d3d3"},
    {file = "coverage-6.4.1-cp39-cp39-manylinux_2_5_x86_64.manylinux1_x86_64.manylinux_2_17_x86_64.manylinux2014_x86_64.whl", hash = "sha256:84631e81dd053e8a0d4967cedab6db94345f1c36107c71698f746cb2636c63e3"},
    {file = "coverage-6.4.1-cp39-cp39-musllinux_1_1_aarch64.whl", hash = "sha256:8c08da0bd238f2970230c2a0d28ff0e99961598cb2e810245d7fc5afcf1254e8"},
    {file = "coverage-6.4.1-cp39-cp39-musllinux_1_1_i686.whl", hash = "sha256:d42c549a8f41dc103a8004b9f0c433e2086add8a719da00e246e17cbe4056f72"},
    {file = "coverage-6.4.1-cp39-cp39-musllinux_1_1_x86_64.whl", hash = "sha256:309ce4a522ed5fca432af4ebe0f32b21d6d7ccbb0f5fcc99290e71feba67c264"},
    {file = "coverage-6.4.1-cp39-cp39-win32.whl", hash = "sha256:fdb6f7bd51c2d1714cea40718f6149ad9be6a2ee7d93b19e9f00934c0f2a74d9"},
    {file = "coverage-6.4.1-cp39-cp39-win_amd64.whl", hash = "sha256:342d4aefd1c3e7f620a13f4fe563154d808b69cccef415415aece4c786665397"},
    {file = "coverage-6.4.1-pp36.pp37.pp38-none-any.whl", hash = "sha256:4803e7ccf93230accb928f3a68f00ffa80a88213af98ed338a57ad021ef06815"},
    {file = "coverage-6.4.1.tar.gz", hash = "sha256:4321f075095a096e70aff1d002030ee612b65a205a0a0f5b815280d5dc58100c"},
]
importlib-metadata = [
    {file = "importlib_metadata-4.11.4-py3-none-any.whl", hash = "sha256:c58c8eb8a762858f49e18436ff552e83914778e50e9d2f1660535ffb364552ec"},
    {file = "importlib_metadata-4.11.4.tar.gz", hash = "sha256:5d26852efe48c0a32b0509ffbc583fda1a2266545a78d104a6f4aff3db17d700"},
]
importlib-resources = [
    {file = "importlib_resources-5.8.0-py3-none-any.whl", hash = "sha256:7952325ffd516c05a8ad0858c74dff2c3343f136fe66a6002b2623dd1d43f223"},
    {file = "importlib_resources-5.8.0.tar.gz", hash = "sha256:568c9f16cb204f9decc8d6d24a572eeea27dacbb4cee9e6b03a8025736769751"},
]
iniconfig = [
    {file = "iniconfig-1.1.1-py2.py3-none-any.whl", hash = "sha256:011e24c64b7f47f6ebd835bb12a743f2fbe9a26d4cecaa7f53bc4f35ee9da8b3"},
    {file = "iniconfig-1.1.1.tar.gz", hash = "sha256:bc3af051d7d14b2ee5ef9969666def0cd1a000e121eaea580d4a313df4b37f32"},
]
jsonpatch = [
    {file = "jsonpatch-1.32-py2.py3-none-any.whl", hash = "sha256:26ac385719ac9f54df8a2f0827bb8253aa3ea8ab7b3368457bcdb8c14595a397"},
    {file = "jsonpatch-1.32.tar.gz", hash = "sha256:b6ddfe6c3db30d81a96aaeceb6baf916094ffa23d7dd5fa2c13e13f8b6e600c2"},
]
jsonpointer = [
    {file = "jsonpointer-2.3-py2.py3-none-any.whl", hash = "sha256:51801e558539b4e9cd268638c078c6c5746c9ac96bc38152d443400e4f3793e9"},
    {file = "jsonpointer-2.3.tar.gz", hash = "sha256:97cba51526c829282218feb99dab1b1e6bdf8efd1c43dc9d57be093c0d69c99a"},
]
jsonschema = [
    {file = "jsonschema-4.6.0-py3-none-any.whl", hash = "sha256:1c92d2db1900b668201f1797887d66453ab1fbfea51df8e4b46236689c427baf"},
    {file = "jsonschema-4.6.0.tar.gz", hash = "sha256:9d6397ba4a6c0bf0300736057f649e3e12ecbc07d3e81a0dacb72de4e9801957"},
]
packaging = [
    {file = "packaging-21.3-py3-none-any.whl", hash = "sha256:ef103e05f519cdc783ae24ea4e2e0f508a9c99b2d4969652eed6a2e1ea5bd522"},
    {file = "packaging-21.3.tar.gz", hash = "sha256:dd47c42927d89ab911e606518907cc2d3a1f38bbd026385970643f9c5b8ecfeb"},
]
pluggy = [
    {file = "pluggy-1.0.0-py2.py3-none-any.whl", hash = "sha256:74134bbf457f031a36d68416e1509f34bd5ccc019f0bcc952c7b909d06b37bd3"},
    {file = "pluggy-1.0.0.tar.gz", hash = "sha256:4224373bacce55f955a878bf9cfa763c1e360858e330072059e10bad68531159"},
]
py = [
    {file = "py-1.11.0-py2.py3-none-any.whl", hash = "sha256:607c53218732647dff4acdfcd50cb62615cedf612e72d1724fb1a0cc6405b378"},
    {file = "py-1.11.0.tar.gz", hash = "sha256:51c75c4126074b472f746a24399ad32f6053d1b34b68d2fa41e558e6f4a98719"},
]
pyparsing = [
    {file = "pyparsing-3.0.9-py3-none-any.whl", hash = "sha256:5026bae9a10eeaefb61dab2f09052b9f4307d44aee4eda64b309723d8d206bbc"},
    {file = "pyparsing-3.0.9.tar.gz", hash = "sha256:2b020ecf7d21b687f219b71ecad3631f644a47f01403fa1d1036b0c6416d70fb"},
]
pyrsistent = [
    {file = "pyrsistent-0.18.1-cp310-cp310-macosx_10_9_universal2.whl", hash = "sha256:df46c854f490f81210870e509818b729db4488e1f30f2a1ce1698b2295a878d1"},
    {file = "pyrsistent-0.18.1-cp310-cp310-manylinux_2_17_x86_64.manylinux2014_x86_64.whl", hash = "sha256:5d45866ececf4a5fff8742c25722da6d4c9e180daa7b405dc0a2a2790d668c26"},
    {file = "pyrsistent-0.18.1-cp310-cp310-manylinux_2_5_i686.manylinux1_i686.manylinux_2_17_i686.manylinux2014_i686.whl", hash = "sha256:4ed6784ceac462a7d6fcb7e9b663e93b9a6fb373b7f43594f9ff68875788e01e"},
    {file = "pyrsistent-0.18.1-cp310-cp310-win32.whl", hash = "sha256:e4f3149fd5eb9b285d6bfb54d2e5173f6a116fe19172686797c056672689daf6"},
    {file = "pyrsistent-0.18.1-cp310-cp310-win_amd64.whl", hash = "sha256:636ce2dc235046ccd3d8c56a7ad54e99d5c1cd0ef07d9ae847306c91d11b5fec"},
    {file = "pyrsistent-0.18.1-cp37-cp37m-macosx_10_9_x86_64.whl", hash = "sha256:e92a52c166426efbe0d1ec1332ee9119b6d32fc1f0bbfd55d5c1088070e7fc1b"},
    {file = "pyrsistent-0.18.1-cp37-cp37m-manylinux_2_17_x86_64.manylinux2014_x86_64.whl", hash = "sha256:d7a096646eab884bf8bed965bad63ea327e0d0c38989fc83c5ea7b8a87037bfc"},
    {file = "pyrsistent-0.18.1-cp37-cp37m-manylinux_2_5_i686.manylinux1_i686.manylinux_2_17_i686.manylinux2014_i686.whl", hash = "sha256:cdfd2c361b8a8e5d9499b9082b501c452ade8bbf42aef97ea04854f4a3f43b22"},
    {file = "pyrsistent-0.18.1-cp37-cp37m-win32.whl", hash = "sha256:7ec335fc998faa4febe75cc5268a9eac0478b3f681602c1f27befaf2a1abe1d8"},
    {file = "pyrsistent-0.18.1-cp37-cp37m-win_amd64.whl", hash = "sha256:6455fc599df93d1f60e1c5c4fe471499f08d190d57eca040c0ea182301321286"},
    {file = "pyrsistent-0.18.1-cp38-cp38-macosx_10_9_universal2.whl", hash = "sha256:fd8da6d0124efa2f67d86fa70c851022f87c98e205f0594e1fae044e7119a5a6"},
    {file = "pyrsistent-0.18.1-cp38-cp38-manylinux_2_17_x86_64.manylinux2014_x86_64.whl", hash = "sha256:7bfe2388663fd18bd8ce7db2c91c7400bf3e1a9e8bd7d63bf7e77d39051b85ec"},
    {file = "pyrsistent-0.18.1-cp38-cp38-manylinux_2_5_i686.manylinux1_i686.manylinux_2_17_i686.manylinux2014_i686.whl", hash = "sha256:0e3e1fcc45199df76053026a51cc59ab2ea3fc7c094c6627e93b7b44cdae2c8c"},
    {file = "pyrsistent-0.18.1-cp38-cp38-win32.whl", hash = "sha256:b568f35ad53a7b07ed9b1b2bae09eb15cdd671a5ba5d2c66caee40dbf91c68ca"},
    {file = "pyrsistent-0.18.1-cp38-cp38-win_amd64.whl", hash = "sha256:d1b96547410f76078eaf66d282ddca2e4baae8964364abb4f4dcdde855cd123a"},
    {file = "pyrsistent-0.18.1-cp39-cp39-macosx_10_9_universal2.whl", hash = "sha256:f87cc2863ef33c709e237d4b5f4502a62a00fab450c9e020892e8e2ede5847f5"},
    {file = "pyrsistent-0.18.1-cp39-cp39-manylinux_2_17_x86_64.manylinux2014_x86_64.whl", hash = "sha256:6bc66318fb7ee012071b2792024564973ecc80e9522842eb4e17743604b5e045"},
    {file = "pyrsistent-0.18.1-cp39-cp39-manylinux_2_5_i686.manylinux1_i686.manylinux_2_17_i686.manylinux2014_i686.whl", hash = "sha256:914474c9f1d93080338ace89cb2acee74f4f666fb0424896fcfb8d86058bf17c"},
    {file = "pyrsistent-0.18.1-cp39-cp39-win32.whl", hash = "sha256:1b34eedd6812bf4d33814fca1b66005805d3640ce53140ab8bbb1e2651b0d9bc"},
    {file = "pyrsistent-0.18.1-cp39-cp39-win_amd64.whl", hash = "sha256:e24a828f57e0c337c8d8bb9f6b12f09dfdf0273da25fda9e314f0b684b415a07"},
    {file = "pyrsistent-0.18.1.tar.gz", hash = "sha256:d4d61f8b993a7255ba714df3aca52700f8125289f84f704cf80916517c46eb96"},
]
pytest = [
    {file = "pytest-6.2.5-py3-none-any.whl", hash = "sha256:7310f8d27bc79ced999e760ca304d69f6ba6c6649c0b60fb0e04a4a77cacc134"},
    {file = "pytest-6.2.5.tar.gz", hash = "sha256:131b36680866a76e6781d13f101efb86cf674ebb9762eb70d3082b6f29889e89"},
]
pytest-cov = [
    {file = "pytest-cov-3.0.0.tar.gz", hash = "sha256:e7f0f5b1617d2210a2cabc266dfe2f4c75a8d32fb89eafb7ad9d06f6d076d470"},
    {file = "pytest_cov-3.0.0-py3-none-any.whl", hash = "sha256:578d5d15ac4a25e5f961c938b85a05b09fdaae9deef3bb6de9a6e766622ca7a6"},
]
toml = [
    {file = "toml-0.10.2-py2.py3-none-any.whl", hash = "sha256:806143ae5bfb6a3c6e736a764057db0e6a0e05e338b5630894a5f779cabb4f9b"},
    {file = "toml-0.10.2.tar.gz", hash = "sha256:b3bda1d108d5dd99f4a20d24d9c348e91c4db7ab1b749200bded2f839ccbe68f"},
]
tomli = [
    {file = "tomli-2.0.1-py3-none-any.whl", hash = "sha256:939de3e7a6161af0c887ef91b7d41a53e7c5a1ca976325f429cb46ea9bc30ecc"},
    {file = "tomli-2.0.1.tar.gz", hash = "sha256:de526c12914f0c550d15924c62d72abc48d6fe7364aa87328337a31007fe8a4f"},
]
typing-extensions = [
    {file = "typing_extensions-4.2.0-py3-none-any.whl", hash = "sha256:6657594ee297170d19f67d55c05852a874e7eb634f4f753dbd667855e07c1708"},
    {file = "typing_extensions-4.2.0.tar.gz", hash = "sha256:f1c24655a0da0d1b67f07e17a5e6b2a105894e6824b92096378bb3668ef02376"},
]
zipp = [
    {file = "zipp-3.8.0-py3-none-any.whl", hash = "sha256:c4f6e5bbf48e74f7a38e7cc5b0480ff42b0ae5178957d564d18932525d5cf099"},
    {file = "zipp-3.8.0.tar.gz", hash = "sha256:56bf8aadb83c24db6c4b577e13de374ccfb67da2078beba1d037c17980bf43ad"},
]
