# This file is automatically @generated by Poetry 1.8.5 and should not be changed by hand.

[[package]]
name = "atomicwrites"
version = "1.4.1"
description = "Atomic file writes."
optional = false
python-versions = ">=2.7, !=3.0.*, !=3.1.*, !=3.2.*, !=3.3.*"
files = [
    {file = "atomicwrites-1.4.1.tar.gz", hash = "sha256:81b2c9071a49367a7f770170e5eec8cb66567cfbbc8c73d20ce5ca4a8d71cf11"},
]

[[package]]
name = "attrs"
version = "25.3.0"
description = "Classes Without Boilerplate"
optional = false
python-versions = ">=3.8"
files = [
    {file = "attrs-25.3.0-py3-none-any.whl", hash = "sha256:427318ce031701fea540783410126f03899a97ffc6f61596ad581ac2e40e3bc3"},
    {file = "attrs-25.3.0.tar.gz", hash = "sha256:75d7cefc7fb576747b2c81b4442d4d4a1ce0900973527c011d1030fd3bf4af1b"},
]

[package.extras]
benchmark = ["cloudpickle", "hypothesis", "mypy (>=1.11.1)", "pympler", "pytest (>=4.3.0)", "pytest-codspeed", "pytest-mypy-plugins", "pytest-xdist[psutil]"]
cov = ["cloudpickle", "coverage[toml] (>=5.3)", "hypothesis", "mypy (>=1.11.1)", "pympler", "pytest (>=4.3.0)", "pytest-mypy-plugins", "pytest-xdist[psutil]"]
dev = ["cloudpickle", "hypothesis", "mypy (>=1.11.1)", "pre-commit-uv", "pympler", "pytest (>=4.3.0)", "pytest-mypy-plugins", "pytest-xdist[psutil]"]
docs = ["cogapp", "furo", "myst-parser", "sphinx", "sphinx-notfound-page", "sphinxcontrib-towncrier", "towncrier"]
tests = ["cloudpickle", "hypothesis", "mypy (>=1.11.1)", "pympler", "pytest (>=4.3.0)", "pytest-mypy-plugins", "pytest-xdist[psutil]"]
tests-mypy = ["mypy (>=1.11.1)", "pytest-mypy-plugins"]

[[package]]
name = "colorama"
version = "0.4.6"
description = "Cross-platform colored terminal text."
optional = false
python-versions = "!=3.0.*,!=3.1.*,!=3.2.*,!=3.3.*,!=3.4.*,!=3.5.*,!=3.6.*,>=2.7"
files = [
    {file = "colorama-0.4.6-py2.py3-none-any.whl", hash = "sha256:4f1d9991f5acc0ca119f9d443620b77f9d6b33703e51011c16baf57afb285fc6"},
    {file = "colorama-0.4.6.tar.gz", hash = "sha256:08695f5cb7ed6e0531a20572697297273c47b8cae5a63ffc6d6ed5c201be6e44"},
]

[[package]]
name = "coverage"
version = "7.8.2"
description = "Code coverage measurement for Python"
optional = false
python-versions = ">=3.9"
files = [
    {file = "coverage-7.8.2-cp310-cp310-macosx_10_9_x86_64.whl", hash = "sha256:bd8ec21e1443fd7a447881332f7ce9d35b8fbd2849e761bb290b584535636b0a"},
    {file = "coverage-7.8.2-cp310-cp310-macosx_11_0_arm64.whl", hash = "sha256:4c26c2396674816deaeae7ded0e2b42c26537280f8fe313335858ffff35019be"},
    {file = "coverage-7.8.2-cp310-cp310-manylinux_2_17_aarch64.manylinux2014_aarch64.whl", hash = "sha256:1aec326ed237e5880bfe69ad41616d333712c7937bcefc1343145e972938f9b3"},
    {file = "coverage-7.8.2-cp310-cp310-manylinux_2_5_i686.manylinux1_i686.manylinux_2_17_i686.manylinux2014_i686.whl", hash = "sha256:5e818796f71702d7a13e50c70de2a1924f729228580bcba1607cccf32eea46e6"},
    {file = "coverage-7.8.2-cp310-cp310-manylinux_2_5_x86_64.manylinux1_x86_64.manylinux_2_17_x86_64.manylinux2014_x86_64.whl", hash = "sha256:546e537d9e24efc765c9c891328f30f826e3e4808e31f5d0f87c4ba12bbd1622"},
    {file = "coverage-7.8.2-cp310-cp310-musllinux_1_2_aarch64.whl", hash = "sha256:ab9b09a2349f58e73f8ebc06fac546dd623e23b063e5398343c5270072e3201c"},
    {file = "coverage-7.8.2-cp310-cp310-musllinux_1_2_i686.whl", hash = "sha256:fd51355ab8a372d89fb0e6a31719e825cf8df8b6724bee942fb5b92c3f016ba3"},
    {file = "coverage-7.8.2-cp310-cp310-musllinux_1_2_x86_64.whl", hash = "sha256:0774df1e093acb6c9e4d58bce7f86656aeed6c132a16e2337692c12786b32404"},
    {file = "coverage-7.8.2-cp310-cp310-win32.whl", hash = "sha256:00f2e2f2e37f47e5f54423aeefd6c32a7dbcedc033fcd3928a4f4948e8b96af7"},
    {file = "coverage-7.8.2-cp310-cp310-win_amd64.whl", hash = "sha256:145b07bea229821d51811bf15eeab346c236d523838eda395ea969d120d13347"},
    {file = "coverage-7.8.2-cp311-cp311-macosx_10_9_x86_64.whl", hash = "sha256:b99058eef42e6a8dcd135afb068b3d53aff3921ce699e127602efff9956457a9"},
    {file = "coverage-7.8.2-cp311-cp311-macosx_11_0_arm64.whl", hash = "sha256:5feb7f2c3e6ea94d3b877def0270dff0947b8d8c04cfa34a17be0a4dc1836879"},
    {file = "coverage-7.8.2-cp311-cp311-manylinux_2_17_aarch64.manylinux2014_aarch64.whl", hash = "sha256:670a13249b957bb9050fab12d86acef7bf8f6a879b9d1a883799276e0d4c674a"},
    {file = "coverage-7.8.2-cp311-cp311-manylinux_2_5_i686.manylinux1_i686.manylinux_2_17_i686.manylinux2014_i686.whl", hash = "sha256:0bdc8bf760459a4a4187b452213e04d039990211f98644c7292adf1e471162b5"},
    {file = "coverage-7.8.2-cp311-cp311-manylinux_2_5_x86_64.manylinux1_x86_64.manylinux_2_17_x86_64.manylinux2014_x86_64.whl", hash = "sha256:07a989c867986c2a75f158f03fdb413128aad29aca9d4dbce5fc755672d96f11"},
    {file = "coverage-7.8.2-cp311-cp311-musllinux_1_2_aarch64.whl", hash = "sha256:2db10dedeb619a771ef0e2949ccba7b75e33905de959c2643a4607bef2f3fb3a"},
    {file = "coverage-7.8.2-cp311-cp311-musllinux_1_2_i686.whl", hash = "sha256:e6ea7dba4e92926b7b5f0990634b78ea02f208d04af520c73a7c876d5a8d36cb"},
    {file = "coverage-7.8.2-cp311-cp311-musllinux_1_2_x86_64.whl", hash = "sha256:ef2f22795a7aca99fc3c84393a55a53dd18ab8c93fb431004e4d8f0774150f54"},
    {file = "coverage-7.8.2-cp311-cp311-win32.whl", hash = "sha256:641988828bc18a6368fe72355df5f1703e44411adbe49bba5644b941ce6f2e3a"},
    {file = "coverage-7.8.2-cp311-cp311-win_amd64.whl", hash = "sha256:8ab4a51cb39dc1933ba627e0875046d150e88478dbe22ce145a68393e9652975"},
    {file = "coverage-7.8.2-cp311-cp311-win_arm64.whl", hash = "sha256:8966a821e2083c74d88cca5b7dcccc0a3a888a596a04c0b9668a891de3a0cc53"},
    {file = "coverage-7.8.2-cp312-cp312-macosx_10_13_x86_64.whl", hash = "sha256:e2f6fe3654468d061942591aef56686131335b7a8325684eda85dacdf311356c"},
    {file = "coverage-7.8.2-cp312-cp312-macosx_11_0_arm64.whl", hash = "sha256:76090fab50610798cc05241bf83b603477c40ee87acd358b66196ab0ca44ffa1"},
    {file = "coverage-7.8.2-cp312-cp312-manylinux_2_17_aarch64.manylinux2014_aarch64.whl", hash = "sha256:2bd0a0a5054be160777a7920b731a0570284db5142abaaf81bcbb282b8d99279"},
    {file = "coverage-7.8.2-cp312-cp312-manylinux_2_5_i686.manylinux1_i686.manylinux_2_17_i686.manylinux2014_i686.whl", hash = "sha256:da23ce9a3d356d0affe9c7036030b5c8f14556bd970c9b224f9c8205505e3b99"},
    {file = "coverage-7.8.2-cp312-cp312-manylinux_2_5_x86_64.manylinux1_x86_64.manylinux_2_17_x86_64.manylinux2014_x86_64.whl", hash = "sha256:c9392773cffeb8d7e042a7b15b82a414011e9d2b5fdbbd3f7e6a6b17d5e21b20"},
    {file = "coverage-7.8.2-cp312-cp312-musllinux_1_2_aarch64.whl", hash = "sha256:876cbfd0b09ce09d81585d266c07a32657beb3eaec896f39484b631555be0fe2"},
    {file = "coverage-7.8.2-cp312-cp312-musllinux_1_2_i686.whl", hash = "sha256:3da9b771c98977a13fbc3830f6caa85cae6c9c83911d24cb2d218e9394259c57"},
    {file = "coverage-7.8.2-cp312-cp312-musllinux_1_2_x86_64.whl", hash = "sha256:9a990f6510b3292686713bfef26d0049cd63b9c7bb17e0864f133cbfd2e6167f"},
    {file = "coverage-7.8.2-cp312-cp312-win32.whl", hash = "sha256:bf8111cddd0f2b54d34e96613e7fbdd59a673f0cf5574b61134ae75b6f5a33b8"},
    {file = "coverage-7.8.2-cp312-cp312-win_amd64.whl", hash = "sha256:86a323a275e9e44cdf228af9b71c5030861d4d2610886ab920d9945672a81223"},
    {file = "coverage-7.8.2-cp312-cp312-win_arm64.whl", hash = "sha256:820157de3a589e992689ffcda8639fbabb313b323d26388d02e154164c57b07f"},
    {file = "coverage-7.8.2-cp313-cp313-macosx_10_13_x86_64.whl", hash = "sha256:ea561010914ec1c26ab4188aef8b1567272ef6de096312716f90e5baa79ef8ca"},
    {file = "coverage-7.8.2-cp313-cp313-macosx_11_0_arm64.whl", hash = "sha256:cb86337a4fcdd0e598ff2caeb513ac604d2f3da6d53df2c8e368e07ee38e277d"},
    {file = "coverage-7.8.2-cp313-cp313-manylinux_2_17_aarch64.manylinux2014_aarch64.whl", hash = "sha256:26a4636ddb666971345541b59899e969f3b301143dd86b0ddbb570bd591f1e85"},
    {file = "coverage-7.8.2-cp313-cp313-manylinux_2_5_i686.manylinux1_i686.manylinux_2_17_i686.manylinux2014_i686.whl", hash = "sha256:5040536cf9b13fb033f76bcb5e1e5cb3b57c4807fef37db9e0ed129c6a094257"},
    {file = "coverage-7.8.2-cp313-cp313-manylinux_2_5_x86_64.manylinux1_x86_64.manylinux_2_17_x86_64.manylinux2014_x86_64.whl", hash = "sha256:dc67994df9bcd7e0150a47ef41278b9e0a0ea187caba72414b71dc590b99a108"},
    {file = "coverage-7.8.2-cp313-cp313-musllinux_1_2_aarch64.whl", hash = "sha256:6e6c86888fd076d9e0fe848af0a2142bf606044dc5ceee0aa9eddb56e26895a0"},
    {file = "coverage-7.8.2-cp313-cp313-musllinux_1_2_i686.whl", hash = "sha256:684ca9f58119b8e26bef860db33524ae0365601492e86ba0b71d513f525e7050"},
    {file = "coverage-7.8.2-cp313-cp313-musllinux_1_2_x86_64.whl", hash = "sha256:8165584ddedb49204c4e18da083913bdf6a982bfb558632a79bdaadcdafd0d48"},
    {file = "coverage-7.8.2-cp313-cp313-win32.whl", hash = "sha256:34759ee2c65362163699cc917bdb2a54114dd06d19bab860725f94ef45a3d9b7"},
    {file = "coverage-7.8.2-cp313-cp313-win_amd64.whl", hash = "sha256:2f9bc608fbafaee40eb60a9a53dbfb90f53cc66d3d32c2849dc27cf5638a21e3"},
    {file = "coverage-7.8.2-cp313-cp313-win_arm64.whl", hash = "sha256:9fe449ee461a3b0c7105690419d0b0aba1232f4ff6d120a9e241e58a556733f7"},
    {file = "coverage-7.8.2-cp313-cp313t-macosx_10_13_x86_64.whl", hash = "sha256:8369a7c8ef66bded2b6484053749ff220dbf83cba84f3398c84c51a6f748a008"},
    {file = "coverage-7.8.2-cp313-cp313t-macosx_11_0_arm64.whl", hash = "sha256:159b81df53a5fcbc7d45dae3adad554fdbde9829a994e15227b3f9d816d00b36"},
    {file = "coverage-7.8.2-cp313-cp313t-manylinux_2_17_aarch64.manylinux2014_aarch64.whl", hash = "sha256:e6fcbbd35a96192d042c691c9e0c49ef54bd7ed865846a3c9d624c30bb67ce46"},
    {file = "coverage-7.8.2-cp313-cp313t-manylinux_2_5_i686.manylinux1_i686.manylinux_2_17_i686.manylinux2014_i686.whl", hash = "sha256:05364b9cc82f138cc86128dc4e2e1251c2981a2218bfcd556fe6b0fbaa3501be"},
    {file = "coverage-7.8.2-cp313-cp313t-manylinux_2_5_x86_64.manylinux1_x86_64.manylinux_2_17_x86_64.manylinux2014_x86_64.whl", hash = "sha256:46d532db4e5ff3979ce47d18e2fe8ecad283eeb7367726da0e5ef88e4fe64740"},
    {file = "coverage-7.8.2-cp313-cp313t-musllinux_1_2_aarch64.whl", hash = "sha256:4000a31c34932e7e4fa0381a3d6deb43dc0c8f458e3e7ea6502e6238e10be625"},
    {file = "coverage-7.8.2-cp313-cp313t-musllinux_1_2_i686.whl", hash = "sha256:43ff5033d657cd51f83015c3b7a443287250dc14e69910577c3e03bd2e06f27b"},
    {file = "coverage-7.8.2-cp313-cp313t-musllinux_1_2_x86_64.whl", hash = "sha256:94316e13f0981cbbba132c1f9f365cac1d26716aaac130866ca812006f662199"},
    {file = "coverage-7.8.2-cp313-cp313t-win32.whl", hash = "sha256:3f5673888d3676d0a745c3d0e16da338c5eea300cb1f4ada9c872981265e76d8"},
    {file = "coverage-7.8.2-cp313-cp313t-win_amd64.whl", hash = "sha256:2c08b05ee8d7861e45dc5a2cc4195c8c66dca5ac613144eb6ebeaff2d502e73d"},
    {file = "coverage-7.8.2-cp313-cp313t-win_arm64.whl", hash = "sha256:1e1448bb72b387755e1ff3ef1268a06617afd94188164960dba8d0245a46004b"},
    {file = "coverage-7.8.2-cp39-cp39-macosx_10_9_x86_64.whl", hash = "sha256:496948261eaac5ac9cf43f5d0a9f6eb7a6d4cb3bedb2c5d294138142f5c18f2a"},
    {file = "coverage-7.8.2-cp39-cp39-macosx_11_0_arm64.whl", hash = "sha256:eacd2de0d30871eff893bab0b67840a96445edcb3c8fd915e6b11ac4b2f3fa6d"},
    {file = "coverage-7.8.2-cp39-cp39-manylinux_2_17_aarch64.manylinux2014_aarch64.whl", hash = "sha256:b039ffddc99ad65d5078ef300e0c7eed08c270dc26570440e3ef18beb816c1ca"},
    {file = "coverage-7.8.2-cp39-cp39-manylinux_2_5_i686.manylinux1_i686.manylinux_2_17_i686.manylinux2014_i686.whl", hash = "sha256:0e49824808d4375ede9dd84e9961a59c47f9113039f1a525e6be170aa4f5c34d"},
    {file = "coverage-7.8.2-cp39-cp39-manylinux_2_5_x86_64.manylinux1_x86_64.manylinux_2_17_x86_64.manylinux2014_x86_64.whl", hash = "sha256:b069938961dfad881dc2f8d02b47645cd2f455d3809ba92a8a687bf513839787"},
    {file = "coverage-7.8.2-cp39-cp39-musllinux_1_2_aarch64.whl", hash = "sha256:de77c3ba8bb686d1c411e78ee1b97e6e0b963fb98b1637658dd9ad2c875cf9d7"},
    {file = "coverage-7.8.2-cp39-cp39-musllinux_1_2_i686.whl", hash = "sha256:1676628065a498943bd3f64f099bb573e08cf1bc6088bbe33cf4424e0876f4b3"},
    {file = "coverage-7.8.2-cp39-cp39-musllinux_1_2_x86_64.whl", hash = "sha256:8e1a26e7e50076e35f7afafde570ca2b4d7900a491174ca357d29dece5aacee7"},
    {file = "coverage-7.8.2-cp39-cp39-win32.whl", hash = "sha256:6782a12bf76fa61ad9350d5a6ef5f3f020b57f5e6305cbc663803f2ebd0f270a"},
    {file = "coverage-7.8.2-cp39-cp39-win_amd64.whl", hash = "sha256:1efa4166ba75ccefd647f2d78b64f53f14fb82622bc94c5a5cb0a622f50f1c9e"},
    {file = "coverage-7.8.2-pp39.pp310.pp311-none-any.whl", hash = "sha256:ec455eedf3ba0bbdf8f5a570012617eb305c63cb9f03428d39bf544cb2b94837"},
    {file = "coverage-7.8.2-py3-none-any.whl", hash = "sha256:726f32ee3713f7359696331a18daf0c3b3a70bb0ae71141b9d3c52be7c595e32"},
    {file = "coverage-7.8.2.tar.gz", hash = "sha256:a886d531373a1f6ff9fad2a2ba4a045b68467b779ae729ee0b3b10ac20033b27"},
]

[package.dependencies]
tomli = {version = "*", optional = true, markers = "python_full_version <= \"3.11.0a6\" and extra == \"toml\""}

[package.extras]
toml = ["tomli"]

[[package]]
name = "iniconfig"
version = "2.1.0"
description = "brain-dead simple config-ini parsing"
optional = false
python-versions = ">=3.8"
files = [
    {file = "iniconfig-2.1.0-py3-none-any.whl", hash = "sha256:9deba5723312380e77435581c6bf4935c94cbfab9b1ed33ef8d238ea168eb760"},
    {file = "iniconfig-2.1.0.tar.gz", hash = "sha256:3abbd2e30b36733fee78f9c7f7308f2d0050e88f0087fd25c2645f63c773e1c7"},
]

[[package]]
name = "jsonpatch"
version = "1.33"
description = "Apply JSON-Patches (RFC 6902)"
optional = false
python-versions = ">=2.7, !=3.0.*, !=3.1.*, !=3.2.*, !=3.3.*, !=3.4.*, !=3.5.*, !=3.6.*"
files = [
    {file = "jsonpatch-1.33-py2.py3-none-any.whl", hash = "sha256:0ae28c0cd062bbd8b8ecc26d7d164fbbea9652a1a3693f3b956c1eae5145dade"},
    {file = "jsonpatch-1.33.tar.gz", hash = "sha256:9fcd4009c41e6d12348b4a0ff2563ba56a2923a7dfee731d004e212e1ee5030c"},
]

[package.dependencies]
jsonpointer = ">=1.9"

[[package]]
name = "jsonpointer"
version = "3.0.0"
description = "Identify specific nodes in a JSON document (RFC 6901)"
optional = false
python-versions = ">=3.7"
files = [
    {file = "jsonpointer-3.0.0-py2.py3-none-any.whl", hash = "sha256:13e088adc14fca8b6aa8177c044e12701e6ad4b28ff10e65f2267a90109c9942"},
    {file = "jsonpointer-3.0.0.tar.gz", hash = "sha256:2b2d729f2091522d61c3b31f82e11870f60b68f43fbc705cb76bf4b832af59ef"},
]

[[package]]
name = "jsonschema"
version = "4.24.0"
description = "An implementation of JSON Schema validation for Python"
optional = false
python-versions = ">=3.9"
files = [
    {file = "jsonschema-4.24.0-py3-none-any.whl", hash = "sha256:a462455f19f5faf404a7902952b6f0e3ce868f3ee09a359b05eca6673bd8412d"},
    {file = "jsonschema-4.24.0.tar.gz", hash = "sha256:0b4e8069eb12aedfa881333004bccaec24ecef5a8a6a4b6df142b2cc9599d196"},
]

[package.dependencies]
attrs = ">=22.2.0"
jsonschema-specifications = ">=2023.03.6"
referencing = ">=0.28.4"
rpds-py = ">=0.7.1"

[package.extras]
format = ["fqdn", "idna", "isoduration", "jsonpointer (>1.13)", "rfc3339-validator", "rfc3987", "uri-template", "webcolors (>=1.11)"]
format-nongpl = ["fqdn", "idna", "isoduration", "jsonpointer (>1.13)", "rfc3339-validator", "rfc3986-validator (>0.1.0)", "uri-template", "webcolors (>=24.6.0)"]

[[package]]
name = "jsonschema-specifications"
version = "2025.4.1"
description = "The JSON Schema meta-schemas and vocabularies, exposed as a Registry"
optional = false
python-versions = ">=3.9"
files = [
    {file = "jsonschema_specifications-2025.4.1-py3-none-any.whl", hash = "sha256:4653bffbd6584f7de83a67e0d620ef16900b390ddc7939d56684d6c81e33f1af"},
    {file = "jsonschema_specifications-2025.4.1.tar.gz", hash = "sha256:630159c9f4dbea161a6a2205c3011cc4f18ff381b189fff48bb39b9bf26ae608"},
]

[package.dependencies]
referencing = ">=0.31.0"

[[package]]
name = "packaging"
version = "25.0"
description = "Core utilities for Python packages"
optional = false
python-versions = ">=3.8"
files = [
    {file = "packaging-25.0-py3-none-any.whl", hash = "sha256:29572ef2b1f17581046b3a2227d5c611fb25ec70ca1ba8554b24b0e69331a484"},
    {file = "packaging-25.0.tar.gz", hash = "sha256:d443872c98d677bf60f6a1f2f8c1cb748e8fe762d2bf9d3148b5599295b0fc4f"},
]

[[package]]
name = "pluggy"
version = "1.6.0"
description = "plugin and hook calling mechanisms for python"
optional = false
python-versions = ">=3.9"
files = [
    {file = "pluggy-1.6.0-py3-none-any.whl", hash = "sha256:e920276dd6813095e9377c0bc5566d94c932c33b27a3e3945d8389c374dd4746"},
    {file = "pluggy-1.6.0.tar.gz", hash = "sha256:7dcc130b76258d33b90f61b658791dede3486c3e6bfb003ee5c9bfb396dd22f3"},
]

[package.extras]
dev = ["pre-commit", "tox"]
testing = ["coverage", "pytest", "pytest-benchmark"]

[[package]]
name = "py"
version = "1.11.0"
description = "library with cross-python path, ini-parsing, io, code, log facilities"
optional = false
python-versions = ">=2.7, !=3.0.*, !=3.1.*, !=3.2.*, !=3.3.*, !=3.4.*"
files = [
    {file = "py-1.11.0-py2.py3-none-any.whl", hash = "sha256:607c53218732647dff4acdfcd50cb62615cedf612e72d1724fb1a0cc6405b378"},
    {file = "py-1.11.0.tar.gz", hash = "sha256:51c75c4126074b472f746a24399ad32f6053d1b34b68d2fa41e558e6f4a98719"},
]

[[package]]
name = "pytest"
version = "6.2.5"
description = "pytest: simple powerful testing with Python"
optional = false
python-versions = ">=3.6"
files = [
    {file = "pytest-6.2.5-py3-none-any.whl", hash = "sha256:7310f8d27bc79ced999e760ca304d69f6ba6c6649c0b60fb0e04a4a77cacc134"},
    {file = "pytest-6.2.5.tar.gz", hash = "sha256:131b36680866a76e6781d13f101efb86cf674ebb9762eb70d3082b6f29889e89"},
]

[package.dependencies]
atomicwrites = {version = ">=1.0", markers = "sys_platform == \"win32\""}
attrs = ">=19.2.0"
colorama = {version = "*", markers = "sys_platform == \"win32\""}
iniconfig = "*"
packaging = "*"
pluggy = ">=0.12,<2.0"
py = ">=1.8.2"
toml = "*"

[package.extras]
testing = ["argcomplete", "hypothesis (>=3.56)", "mock", "nose", "requests", "xmlschema"]

[[package]]
name = "pytest-cov"
version = "3.0.0"
description = "Pytest plugin for measuring coverage."
optional = false
python-versions = ">=3.6"
files = [
    {file = "pytest-cov-3.0.0.tar.gz", hash = "sha256:e7f0f5b1617d2210a2cabc266dfe2f4c75a8d32fb89eafb7ad9d06f6d076d470"},
    {file = "pytest_cov-3.0.0-py3-none-any.whl", hash = "sha256:578d5d15ac4a25e5f961c938b85a05b09fdaae9deef3bb6de9a6e766622ca7a6"},
]

[package.dependencies]
coverage = {version = ">=5.2.1", extras = ["toml"]}
pytest = ">=4.6"

[package.extras]
testing = ["fields", "hunter", "process-tests", "pytest-xdist", "six", "virtualenv"]

[[package]]
name = "referencing"
version = "0.36.2"
description = "JSON Referencing + Python"
optional = false
python-versions = ">=3.9"
files = [
    {file = "referencing-0.36.2-py3-none-any.whl", hash = "sha256:e8699adbbf8b5c7de96d8ffa0eb5c158b3beafce084968e2ea8bb08c6794dcd0"},
    {file = "referencing-0.36.2.tar.gz", hash = "sha256:df2e89862cd09deabbdba16944cc3f10feb6b3e6f18e902f7cc25609a34775aa"},
]

[package.dependencies]
attrs = ">=22.2.0"
rpds-py = ">=0.7.0"
typing-extensions = {version = ">=4.4.0", markers = "python_version < \"3.13\""}

[[package]]
name = "rpds-py"
version = "0.25.1"
description = "Python bindings to Rust's persistent data structures (rpds)"
optional = false
python-versions = ">=3.9"
files = [
    {file = "rpds_py-0.25.1-cp310-cp310-macosx_10_12_x86_64.whl", hash = "sha256:f4ad628b5174d5315761b67f212774a32f5bad5e61396d38108bd801c0a8f5d9"},
    {file = "rpds_py-0.25.1-cp310-cp310-macosx_11_0_arm64.whl", hash = "sha256:8c742af695f7525e559c16f1562cf2323db0e3f0fbdcabdf6865b095256b2d40"},
    {file = "rpds_py-0.25.1-cp310-cp310-manylinux_2_17_aarch64.manylinux2014_aarch64.whl", hash = "sha256:605ffe7769e24b1800b4d024d24034405d9404f0bc2f55b6db3362cd34145a6f"},
    {file = "rpds_py-0.25.1-cp310-cp310-manylinux_2_17_armv7l.manylinux2014_armv7l.whl", hash = "sha256:ccc6f3ddef93243538be76f8e47045b4aad7a66a212cd3a0f23e34469473d36b"},
    {file = "rpds_py-0.25.1-cp310-cp310-manylinux_2_17_ppc64le.manylinux2014_ppc64le.whl", hash = "sha256:f70316f760174ca04492b5ab01be631a8ae30cadab1d1081035136ba12738cfa"},
    {file = "rpds_py-0.25.1-cp310-cp310-manylinux_2_17_s390x.manylinux2014_s390x.whl", hash = "sha256:e1dafef8df605fdb46edcc0bf1573dea0d6d7b01ba87f85cd04dc855b2b4479e"},
    {file = "rpds_py-0.25.1-cp310-cp310-manylinux_2_17_x86_64.manylinux2014_x86_64.whl", hash = "sha256:0701942049095741a8aeb298a31b203e735d1c61f4423511d2b1a41dcd8a16da"},
    {file = "rpds_py-0.25.1-cp310-cp310-manylinux_2_5_i686.manylinux1_i686.whl", hash = "sha256:e87798852ae0b37c88babb7f7bbbb3e3fecc562a1c340195b44c7e24d403e380"},
    {file = "rpds_py-0.25.1-cp310-cp310-musllinux_1_2_aarch64.whl", hash = "sha256:3bcce0edc1488906c2d4c75c94c70a0417e83920dd4c88fec1078c94843a6ce9"},
    {file = "rpds_py-0.25.1-cp310-cp310-musllinux_1_2_i686.whl", hash = "sha256:e2f6a2347d3440ae789505693a02836383426249d5293541cd712e07e7aecf54"},
    {file = "rpds_py-0.25.1-cp310-cp310-musllinux_1_2_x86_64.whl", hash = "sha256:4fd52d3455a0aa997734f3835cbc4c9f32571345143960e7d7ebfe7b5fbfa3b2"},
    {file = "rpds_py-0.25.1-cp310-cp310-win32.whl", hash = "sha256:3f0b1798cae2bbbc9b9db44ee068c556d4737911ad53a4e5093d09d04b3bbc24"},
    {file = "rpds_py-0.25.1-cp310-cp310-win_amd64.whl", hash = "sha256:3ebd879ab996537fc510a2be58c59915b5dd63bccb06d1ef514fee787e05984a"},
    {file = "rpds_py-0.25.1-cp311-cp311-macosx_10_12_x86_64.whl", hash = "sha256:5f048bbf18b1f9120685c6d6bb70cc1a52c8cc11bdd04e643d28d3be0baf666d"},
    {file = "rpds_py-0.25.1-cp311-cp311-macosx_11_0_arm64.whl", hash = "sha256:4fbb0dbba559959fcb5d0735a0f87cdbca9e95dac87982e9b95c0f8f7ad10255"},
    {file = "rpds_py-0.25.1-cp311-cp311-manylinux_2_17_aarch64.manylinux2014_aarch64.whl", hash = "sha256:d4ca54b9cf9d80b4016a67a0193ebe0bcf29f6b0a96f09db942087e294d3d4c2"},
    {file = "rpds_py-0.25.1-cp311-cp311-manylinux_2_17_armv7l.manylinux2014_armv7l.whl", hash = "sha256:1ee3e26eb83d39b886d2cb6e06ea701bba82ef30a0de044d34626ede51ec98b0"},
    {file = "rpds_py-0.25.1-cp311-cp311-manylinux_2_17_ppc64le.manylinux2014_ppc64le.whl", hash = "sha256:89706d0683c73a26f76a5315d893c051324d771196ae8b13e6ffa1ffaf5e574f"},
    {file = "rpds_py-0.25.1-cp311-cp311-manylinux_2_17_s390x.manylinux2014_s390x.whl", hash = "sha256:c2013ee878c76269c7b557a9a9c042335d732e89d482606990b70a839635feb7"},
    {file = "rpds_py-0.25.1-cp311-cp311-manylinux_2_17_x86_64.manylinux2014_x86_64.whl", hash = "sha256:45e484db65e5380804afbec784522de84fa95e6bb92ef1bd3325d33d13efaebd"},
    {file = "rpds_py-0.25.1-cp311-cp311-manylinux_2_5_i686.manylinux1_i686.whl", hash = "sha256:48d64155d02127c249695abb87d39f0faf410733428d499867606be138161d65"},
    {file = "rpds_py-0.25.1-cp311-cp311-musllinux_1_2_aarch64.whl", hash = "sha256:048893e902132fd6548a2e661fb38bf4896a89eea95ac5816cf443524a85556f"},
    {file = "rpds_py-0.25.1-cp311-cp311-musllinux_1_2_i686.whl", hash = "sha256:0317177b1e8691ab5879f4f33f4b6dc55ad3b344399e23df2e499de7b10a548d"},
    {file = "rpds_py-0.25.1-cp311-cp311-musllinux_1_2_x86_64.whl", hash = "sha256:bffcf57826d77a4151962bf1701374e0fc87f536e56ec46f1abdd6a903354042"},
    {file = "rpds_py-0.25.1-cp311-cp311-win32.whl", hash = "sha256:cda776f1967cb304816173b30994faaf2fd5bcb37e73118a47964a02c348e1bc"},
    {file = "rpds_py-0.25.1-cp311-cp311-win_amd64.whl", hash = "sha256:dc3c1ff0abc91444cd20ec643d0f805df9a3661fcacf9c95000329f3ddf268a4"},
    {file = "rpds_py-0.25.1-cp311-cp311-win_arm64.whl", hash = "sha256:5a3ddb74b0985c4387719fc536faced33cadf2172769540c62e2a94b7b9be1c4"},
    {file = "rpds_py-0.25.1-cp312-cp312-macosx_10_12_x86_64.whl", hash = "sha256:b5ffe453cde61f73fea9430223c81d29e2fbf412a6073951102146c84e19e34c"},
    {file = "rpds_py-0.25.1-cp312-cp312-macosx_11_0_arm64.whl", hash = "sha256:115874ae5e2fdcfc16b2aedc95b5eef4aebe91b28e7e21951eda8a5dc0d3461b"},
    {file = "rpds_py-0.25.1-cp312-cp312-manylinux_2_17_aarch64.manylinux2014_aarch64.whl", hash = "sha256:a714bf6e5e81b0e570d01f56e0c89c6375101b8463999ead3a93a5d2a4af91fa"},
    {file = "rpds_py-0.25.1-cp312-cp312-manylinux_2_17_armv7l.manylinux2014_armv7l.whl", hash = "sha256:35634369325906bcd01577da4c19e3b9541a15e99f31e91a02d010816b49bfda"},
    {file = "rpds_py-0.25.1-cp312-cp312-manylinux_2_17_ppc64le.manylinux2014_ppc64le.whl", hash = "sha256:d4cb2b3ddc16710548801c6fcc0cfcdeeff9dafbc983f77265877793f2660309"},
    {file = "rpds_py-0.25.1-cp312-cp312-manylinux_2_17_s390x.manylinux2014_s390x.whl", hash = "sha256:9ceca1cf097ed77e1a51f1dbc8d174d10cb5931c188a4505ff9f3e119dfe519b"},
    {file = "rpds_py-0.25.1-cp312-cp312-manylinux_2_17_x86_64.manylinux2014_x86_64.whl", hash = "sha256:2c2cd1a4b0c2b8c5e31ffff50d09f39906fe351389ba143c195566056c13a7ea"},
    {file = "rpds_py-0.25.1-cp312-cp312-manylinux_2_5_i686.manylinux1_i686.whl", hash = "sha256:1de336a4b164c9188cb23f3703adb74a7623ab32d20090d0e9bf499a2203ad65"},
    {file = "rpds_py-0.25.1-cp312-cp312-musllinux_1_2_aarch64.whl", hash = "sha256:9fca84a15333e925dd59ce01da0ffe2ffe0d6e5d29a9eeba2148916d1824948c"},
    {file = "rpds_py-0.25.1-cp312-cp312-musllinux_1_2_i686.whl", hash = "sha256:88ec04afe0c59fa64e2f6ea0dd9657e04fc83e38de90f6de201954b4d4eb59bd"},
    {file = "rpds_py-0.25.1-cp312-cp312-musllinux_1_2_x86_64.whl", hash = "sha256:a8bd2f19e312ce3e1d2c635618e8a8d8132892bb746a7cf74780a489f0f6cdcb"},
    {file = "rpds_py-0.25.1-cp312-cp312-win32.whl", hash = "sha256:e5e2f7280d8d0d3ef06f3ec1b4fd598d386cc6f0721e54f09109a8132182fbfe"},
    {file = "rpds_py-0.25.1-cp312-cp312-win_amd64.whl", hash = "sha256:db58483f71c5db67d643857404da360dce3573031586034b7d59f245144cc192"},
    {file = "rpds_py-0.25.1-cp312-cp312-win_arm64.whl", hash = "sha256:6d50841c425d16faf3206ddbba44c21aa3310a0cebc3c1cdfc3e3f4f9f6f5728"},
    {file = "rpds_py-0.25.1-cp313-cp313-macosx_10_12_x86_64.whl", hash = "sha256:659d87430a8c8c704d52d094f5ba6fa72ef13b4d385b7e542a08fc240cb4a559"},
    {file = "rpds_py-0.25.1-cp313-cp313-macosx_11_0_arm64.whl", hash = "sha256:68f6f060f0bbdfb0245267da014d3a6da9be127fe3e8cc4a68c6f833f8a23bb1"},
    {file = "rpds_py-0.25.1-cp313-cp313-manylinux_2_17_aarch64.manylinux2014_aarch64.whl", hash = "sha256:083a9513a33e0b92cf6e7a6366036c6bb43ea595332c1ab5c8ae329e4bcc0a9c"},
    {file = "rpds_py-0.25.1-cp313-cp313-manylinux_2_17_armv7l.manylinux2014_armv7l.whl", hash = "sha256:816568614ecb22b18a010c7a12559c19f6fe993526af88e95a76d5a60b8b75fb"},
    {file = "rpds_py-0.25.1-cp313-cp313-manylinux_2_17_ppc64le.manylinux2014_ppc64le.whl", hash = "sha256:3c6564c0947a7f52e4792983f8e6cf9bac140438ebf81f527a21d944f2fd0a40"},
    {file = "rpds_py-0.25.1-cp313-cp313-manylinux_2_17_s390x.manylinux2014_s390x.whl", hash = "sha256:5c4a128527fe415d73cf1f70a9a688d06130d5810be69f3b553bf7b45e8acf79"},
    {file = "rpds_py-0.25.1-cp313-cp313-manylinux_2_17_x86_64.manylinux2014_x86_64.whl", hash = "sha256:a49e1d7a4978ed554f095430b89ecc23f42014a50ac385eb0c4d163ce213c325"},
    {file = "rpds_py-0.25.1-cp313-cp313-manylinux_2_5_i686.manylinux1_i686.whl", hash = "sha256:d74ec9bc0e2feb81d3f16946b005748119c0f52a153f6db6a29e8cd68636f295"},
    {file = "rpds_py-0.25.1-cp313-cp313-musllinux_1_2_aarch64.whl", hash = "sha256:3af5b4cc10fa41e5bc64e5c198a1b2d2864337f8fcbb9a67e747e34002ce812b"},
    {file = "rpds_py-0.25.1-cp313-cp313-musllinux_1_2_i686.whl", hash = "sha256:79dc317a5f1c51fd9c6a0c4f48209c6b8526d0524a6904fc1076476e79b00f98"},
    {file = "rpds_py-0.25.1-cp313-cp313-musllinux_1_2_x86_64.whl", hash = "sha256:1521031351865e0181bc585147624d66b3b00a84109b57fcb7a779c3ec3772cd"},
    {file = "rpds_py-0.25.1-cp313-cp313-win32.whl", hash = "sha256:5d473be2b13600b93a5675d78f59e63b51b1ba2d0476893415dfbb5477e65b31"},
    {file = "rpds_py-0.25.1-cp313-cp313-win_amd64.whl", hash = "sha256:a7b74e92a3b212390bdce1d93da9f6488c3878c1d434c5e751cbc202c5e09500"},
    {file = "rpds_py-0.25.1-cp313-cp313-win_arm64.whl", hash = "sha256:dd326a81afe332ede08eb39ab75b301d5676802cdffd3a8f287a5f0b694dc3f5"},
    {file = "rpds_py-0.25.1-cp313-cp313t-macosx_10_12_x86_64.whl", hash = "sha256:a58d1ed49a94d4183483a3ce0af22f20318d4a1434acee255d683ad90bf78129"},
    {file = "rpds_py-0.25.1-cp313-cp313t-macosx_11_0_arm64.whl", hash = "sha256:f251bf23deb8332823aef1da169d5d89fa84c89f67bdfb566c49dea1fccfd50d"},
    {file = "rpds_py-0.25.1-cp313-cp313t-manylinux_2_17_aarch64.manylinux2014_aarch64.whl", hash = "sha256:8dbd586bfa270c1103ece2109314dd423df1fa3d9719928b5d09e4840cec0d72"},
    {file = "rpds_py-0.25.1-cp313-cp313t-manylinux_2_17_armv7l.manylinux2014_armv7l.whl", hash = "sha256:6d273f136e912aa101a9274c3145dcbddbe4bac560e77e6d5b3c9f6e0ed06d34"},
    {file = "rpds_py-0.25.1-cp313-cp313t-manylinux_2_17_ppc64le.manylinux2014_ppc64le.whl", hash = "sha256:666fa7b1bd0a3810a7f18f6d3a25ccd8866291fbbc3c9b912b917a6715874bb9"},
    {file = "rpds_py-0.25.1-cp313-cp313t-manylinux_2_17_s390x.manylinux2014_s390x.whl", hash = "sha256:921954d7fbf3fccc7de8f717799304b14b6d9a45bbeec5a8d7408ccbf531faf5"},
    {file = "rpds_py-0.25.1-cp313-cp313t-manylinux_2_17_x86_64.manylinux2014_x86_64.whl", hash = "sha256:f3d86373ff19ca0441ebeb696ef64cb58b8b5cbacffcda5a0ec2f3911732a194"},
    {file = "rpds_py-0.25.1-cp313-cp313t-manylinux_2_5_i686.manylinux1_i686.whl", hash = "sha256:c8980cde3bb8575e7c956a530f2c217c1d6aac453474bf3ea0f9c89868b531b6"},
    {file = "rpds_py-0.25.1-cp313-cp313t-musllinux_1_2_aarch64.whl", hash = "sha256:8eb8c84ecea987a2523e057c0d950bcb3f789696c0499290b8d7b3107a719d78"},
    {file = "rpds_py-0.25.1-cp313-cp313t-musllinux_1_2_i686.whl", hash = "sha256:e43a005671a9ed5a650f3bc39e4dbccd6d4326b24fb5ea8be5f3a43a6f576c72"},
    {file = "rpds_py-0.25.1-cp313-cp313t-musllinux_1_2_x86_64.whl", hash = "sha256:58f77c60956501a4a627749a6dcb78dac522f249dd96b5c9f1c6af29bfacfb66"},
    {file = "rpds_py-0.25.1-cp313-cp313t-win32.whl", hash = "sha256:2cb9e5b5e26fc02c8a4345048cd9998c2aca7c2712bd1b36da0c72ee969a3523"},
    {file = "rpds_py-0.25.1-cp313-cp313t-win_amd64.whl", hash = "sha256:401ca1c4a20cc0510d3435d89c069fe0a9ae2ee6495135ac46bdd49ec0495763"},
    {file = "rpds_py-0.25.1-cp39-cp39-macosx_10_12_x86_64.whl", hash = "sha256:ce4c8e485a3c59593f1a6f683cf0ea5ab1c1dc94d11eea5619e4fb5228b40fbd"},
    {file = "rpds_py-0.25.1-cp39-cp39-macosx_11_0_arm64.whl", hash = "sha256:d8222acdb51a22929c3b2ddb236b69c59c72af4019d2cba961e2f9add9b6e634"},
    {file = "rpds_py-0.25.1-cp39-cp39-manylinux_2_17_aarch64.manylinux2014_aarch64.whl", hash = "sha256:4593c4eae9b27d22df41cde518b4b9e4464d139e4322e2127daa9b5b981b76be"},
    {file = "rpds_py-0.25.1-cp39-cp39-manylinux_2_17_armv7l.manylinux2014_armv7l.whl", hash = "sha256:bd035756830c712b64725a76327ce80e82ed12ebab361d3a1cdc0f51ea21acb0"},
    {file = "rpds_py-0.25.1-cp39-cp39-manylinux_2_17_ppc64le.manylinux2014_ppc64le.whl", hash = "sha256:114a07e85f32b125404f28f2ed0ba431685151c037a26032b213c882f26eb908"},
    {file = "rpds_py-0.25.1-cp39-cp39-manylinux_2_17_s390x.manylinux2014_s390x.whl", hash = "sha256:dec21e02e6cc932538b5203d3a8bd6aa1480c98c4914cb88eea064ecdbc6396a"},
    {file = "rpds_py-0.25.1-cp39-cp39-manylinux_2_17_x86_64.manylinux2014_x86_64.whl", hash = "sha256:09eab132f41bf792c7a0ea1578e55df3f3e7f61888e340779b06050a9a3f16e9"},
    {file = "rpds_py-0.25.1-cp39-cp39-manylinux_2_5_i686.manylinux1_i686.whl", hash = "sha256:c98f126c4fc697b84c423e387337d5b07e4a61e9feac494362a59fd7a2d9ed80"},
    {file = "rpds_py-0.25.1-cp39-cp39-musllinux_1_2_aarch64.whl", hash = "sha256:0e6a327af8ebf6baba1c10fadd04964c1965d375d318f4435d5f3f9651550f4a"},
    {file = "rpds_py-0.25.1-cp39-cp39-musllinux_1_2_i686.whl", hash = "sha256:bc120d1132cff853ff617754196d0ac0ae63befe7c8498bd67731ba368abe451"},
    {file = "rpds_py-0.25.1-cp39-cp39-musllinux_1_2_x86_64.whl", hash = "sha256:140f61d9bed7839446bdd44852e30195c8e520f81329b4201ceead4d64eb3a9f"},
    {file = "rpds_py-0.25.1-cp39-cp39-win32.whl", hash = "sha256:9c006f3aadeda131b438c3092124bd196b66312f0caa5823ef09585a669cf449"},
    {file = "rpds_py-0.25.1-cp39-cp39-win_amd64.whl", hash = "sha256:a61d0b2c7c9a0ae45732a77844917b427ff16ad5464b4d4f5e4adb955f582890"},
    {file = "rpds_py-0.25.1-pp310-pypy310_pp73-macosx_10_12_x86_64.whl", hash = "sha256:b24bf3cd93d5b6ecfbedec73b15f143596c88ee249fa98cefa9a9dc9d92c6f28"},
    {file = "rpds_py-0.25.1-pp310-pypy310_pp73-macosx_11_0_arm64.whl", hash = "sha256:0eb90e94f43e5085623932b68840b6f379f26db7b5c2e6bcef3179bd83c9330f"},
    {file = "rpds_py-0.25.1-pp310-pypy310_pp73-manylinux_2_17_aarch64.manylinux2014_aarch64.whl", hash = "sha256:d50e4864498a9ab639d6d8854b25e80642bd362ff104312d9770b05d66e5fb13"},
    {file = "rpds_py-0.25.1-pp310-pypy310_pp73-manylinux_2_17_armv7l.manylinux2014_armv7l.whl", hash = "sha256:7c9409b47ba0650544b0bb3c188243b83654dfe55dcc173a86832314e1a6a35d"},
    {file = "rpds_py-0.25.1-pp310-pypy310_pp73-manylinux_2_17_ppc64le.manylinux2014_ppc64le.whl", hash = "sha256:796ad874c89127c91970652a4ee8b00d56368b7e00d3477f4415fe78164c8000"},
    {file = "rpds_py-0.25.1-pp310-pypy310_pp73-manylinux_2_17_s390x.manylinux2014_s390x.whl", hash = "sha256:85608eb70a659bf4c1142b2781083d4b7c0c4e2c90eff11856a9754e965b2540"},
    {file = "rpds_py-0.25.1-pp310-pypy310_pp73-manylinux_2_17_x86_64.manylinux2014_x86_64.whl", hash = "sha256:c4feb9211d15d9160bc85fa72fed46432cdc143eb9cf6d5ca377335a921ac37b"},
    {file = "rpds_py-0.25.1-pp310-pypy310_pp73-manylinux_2_5_i686.manylinux1_i686.whl", hash = "sha256:ccfa689b9246c48947d31dd9d8b16d89a0ecc8e0e26ea5253068efb6c542b76e"},
    {file = "rpds_py-0.25.1-pp310-pypy310_pp73-musllinux_1_2_aarch64.whl", hash = "sha256:3c5b317ecbd8226887994852e85de562f7177add602514d4ac40f87de3ae45a8"},
    {file = "rpds_py-0.25.1-pp310-pypy310_pp73-musllinux_1_2_i686.whl", hash = "sha256:454601988aab2c6e8fd49e7634c65476b2b919647626208e376afcd22019eeb8"},
    {file = "rpds_py-0.25.1-pp310-pypy310_pp73-musllinux_1_2_x86_64.whl", hash = "sha256:1c0c434a53714358532d13539272db75a5ed9df75a4a090a753ac7173ec14e11"},
    {file = "rpds_py-0.25.1-pp310-pypy310_pp73-win_amd64.whl", hash = "sha256:f73ce1512e04fbe2bc97836e89830d6b4314c171587a99688082d090f934d20a"},
    {file = "rpds_py-0.25.1-pp311-pypy311_pp73-macosx_10_12_x86_64.whl", hash = "sha256:ee86d81551ec68a5c25373c5643d343150cc54672b5e9a0cafc93c1870a53954"},
    {file = "rpds_py-0.25.1-pp311-pypy311_pp73-macosx_11_0_arm64.whl", hash = "sha256:89c24300cd4a8e4a51e55c31a8ff3918e6651b241ee8876a42cc2b2a078533ba"},
    {file = "rpds_py-0.25.1-pp311-pypy311_pp73-manylinux_2_17_aarch64.manylinux2014_aarch64.whl", hash = "sha256:771c16060ff4e79584dc48902a91ba79fd93eade3aa3a12d6d2a4aadaf7d542b"},
    {file = "rpds_py-0.25.1-pp311-pypy311_pp73-manylinux_2_17_armv7l.manylinux2014_armv7l.whl", hash = "sha256:785ffacd0ee61c3e60bdfde93baa6d7c10d86f15655bd706c89da08068dc5038"},
    {file = "rpds_py-0.25.1-pp311-pypy311_pp73-manylinux_2_17_ppc64le.manylinux2014_ppc64le.whl", hash = "sha256:2a40046a529cc15cef88ac5ab589f83f739e2d332cb4d7399072242400ed68c9"},
    {file = "rpds_py-0.25.1-pp311-pypy311_pp73-manylinux_2_17_s390x.manylinux2014_s390x.whl", hash = "sha256:85fc223d9c76cabe5d0bff82214459189720dc135db45f9f66aa7cffbf9ff6c1"},
    {file = "rpds_py-0.25.1-pp311-pypy311_pp73-manylinux_2_17_x86_64.manylinux2014_x86_64.whl", hash = "sha256:b0be9965f93c222fb9b4cc254235b3b2b215796c03ef5ee64f995b1b69af0762"},
    {file = "rpds_py-0.25.1-pp311-pypy311_pp73-manylinux_2_5_i686.manylinux1_i686.whl", hash = "sha256:8378fa4a940f3fb509c081e06cb7f7f2adae8cf46ef258b0e0ed7519facd573e"},
    {file = "rpds_py-0.25.1-pp311-pypy311_pp73-musllinux_1_2_aarch64.whl", hash = "sha256:33358883a4490287e67a2c391dfaea4d9359860281db3292b6886bf0be3d8692"},
    {file = "rpds_py-0.25.1-pp311-pypy311_pp73-musllinux_1_2_i686.whl", hash = "sha256:1d1fadd539298e70cac2f2cb36f5b8a65f742b9b9f1014dd4ea1f7785e2470bf"},
    {file = "rpds_py-0.25.1-pp311-pypy311_pp73-musllinux_1_2_x86_64.whl", hash = "sha256:9a46c2fb2545e21181445515960006e85d22025bd2fe6db23e76daec6eb689fe"},
    {file = "rpds_py-0.25.1-pp39-pypy39_pp73-macosx_10_12_x86_64.whl", hash = "sha256:50f2c501a89c9a5f4e454b126193c5495b9fb441a75b298c60591d8a2eb92e1b"},
    {file = "rpds_py-0.25.1-pp39-pypy39_pp73-macosx_11_0_arm64.whl", hash = "sha256:7d779b325cc8238227c47fbc53964c8cc9a941d5dbae87aa007a1f08f2f77b23"},
    {file = "rpds_py-0.25.1-pp39-pypy39_pp73-manylinux_2_17_aarch64.manylinux2014_aarch64.whl", hash = "sha256:036ded36bedb727beeabc16dc1dad7cb154b3fa444e936a03b67a86dc6a5066e"},
    {file = "rpds_py-0.25.1-pp39-pypy39_pp73-manylinux_2_17_armv7l.manylinux2014_armv7l.whl", hash = "sha256:245550f5a1ac98504147cba96ffec8fabc22b610742e9150138e5d60774686d7"},
    {file = "rpds_py-0.25.1-pp39-pypy39_pp73-manylinux_2_17_ppc64le.manylinux2014_ppc64le.whl", hash = "sha256:ff7c23ba0a88cb7b104281a99476cccadf29de2a0ef5ce864959a52675b1ca83"},
    {file = "rpds_py-0.25.1-pp39-pypy39_pp73-manylinux_2_17_s390x.manylinux2014_s390x.whl", hash = "sha256:e37caa8cdb3b7cf24786451a0bdb853f6347b8b92005eeb64225ae1db54d1c2b"},
    {file = "rpds_py-0.25.1-pp39-pypy39_pp73-manylinux_2_17_x86_64.manylinux2014_x86_64.whl", hash = "sha256:9f2f48ab00181600ee266a095fe815134eb456163f7d6699f525dee471f312cf"},
    {file = "rpds_py-0.25.1-pp39-pypy39_pp73-manylinux_2_5_i686.manylinux1_i686.whl", hash = "sha256:9e5fc7484fa7dce57e25063b0ec9638ff02a908304f861d81ea49273e43838c1"},
    {file = "rpds_py-0.25.1-pp39-pypy39_pp73-musllinux_1_2_aarch64.whl", hash = "sha256:d3c10228d6cf6fe2b63d2e7985e94f6916fa46940df46b70449e9ff9297bd3d1"},
    {file = "rpds_py-0.25.1-pp39-pypy39_pp73-musllinux_1_2_i686.whl", hash = "sha256:5d9e40f32745db28c1ef7aad23f6fc458dc1e29945bd6781060f0d15628b8ddf"},
    {file = "rpds_py-0.25.1-pp39-pypy39_pp73-musllinux_1_2_x86_64.whl", hash = "sha256:35a8d1a24b5936b35c5003313bc177403d8bdef0f8b24f28b1c4a255f94ea992"},
    {file = "rpds_py-0.25.1-pp39-pypy39_pp73-win_amd64.whl", hash = "sha256:6099263f526efff9cf3883dfef505518730f7a7a93049b1d90d42e50a22b4793"},
    {file = "rpds_py-0.25.1.tar.gz", hash = "sha256:8960b6dac09b62dac26e75d7e2c4a22efb835d827a7278c34f72b2b84fa160e3"},
]

[[package]]
name = "toml"
version = "0.10.2"
description = "Python Library for Tom's Obvious, Minimal Language"
optional = false
python-versions = ">=2.6, !=3.0.*, !=3.1.*, !=3.2.*"
files = [
    {file = "toml-0.10.2-py2.py3-none-any.whl", hash = "sha256:806143ae5bfb6a3c6e736a764057db0e6a0e05e338b5630894a5f779cabb4f9b"},
    {file = "toml-0.10.2.tar.gz", hash = "sha256:b3bda1d108d5dd99f4a20d24d9c348e91c4db7ab1b749200bded2f839ccbe68f"},
]

[[package]]
name = "tomli"
version = "2.2.1"
description = "A lil' TOML parser"
optional = false
python-versions = ">=3.8"
files = [
    {file = "tomli-2.2.1-cp311-cp311-macosx_10_9_x86_64.whl", hash = "sha256:678e4fa69e4575eb77d103de3df8a895e1591b48e740211bd1067378c69e8249"},
    {file = "tomli-2.2.1-cp311-cp311-macosx_11_0_arm64.whl", hash = "sha256:023aa114dd824ade0100497eb2318602af309e5a55595f76b626d6d9f3b7b0a6"},
    {file = "tomli-2.2.1-cp311-cp311-manylinux_2_17_aarch64.manylinux2014_aarch64.whl", hash = "sha256:ece47d672db52ac607a3d9599a9d48dcb2f2f735c6c2d1f34130085bb12b112a"},
    {file = "tomli-2.2.1-cp311-cp311-manylinux_2_17_x86_64.manylinux2014_x86_64.whl", hash = "sha256:6972ca9c9cc9f0acaa56a8ca1ff51e7af152a9f87fb64623e31d5c83700080ee"},
    {file = "tomli-2.2.1-cp311-cp311-manylinux_2_5_i686.manylinux1_i686.manylinux_2_17_i686.manylinux2014_i686.whl", hash = "sha256:c954d2250168d28797dd4e3ac5cf812a406cd5a92674ee4c8f123c889786aa8e"},
    {file = "tomli-2.2.1-cp311-cp311-musllinux_1_2_aarch64.whl", hash = "sha256:8dd28b3e155b80f4d54beb40a441d366adcfe740969820caf156c019fb5c7ec4"},
    {file = "tomli-2.2.1-cp311-cp311-musllinux_1_2_i686.whl", hash = "sha256:e59e304978767a54663af13c07b3d1af22ddee3bb2fb0618ca1593e4f593a106"},
    {file = "tomli-2.2.1-cp311-cp311-musllinux_1_2_x86_64.whl", hash = "sha256:33580bccab0338d00994d7f16f4c4ec25b776af3ffaac1ed74e0b3fc95e885a8"},
    {file = "tomli-2.2.1-cp311-cp311-win32.whl", hash = "sha256:465af0e0875402f1d226519c9904f37254b3045fc5084697cefb9bdde1ff99ff"},
    {file = "tomli-2.2.1-cp311-cp311-win_amd64.whl", hash = "sha256:2d0f2fdd22b02c6d81637a3c95f8cd77f995846af7414c5c4b8d0545afa1bc4b"},
    {file = "tomli-2.2.1-cp312-cp312-macosx_10_13_x86_64.whl", hash = "sha256:4a8f6e44de52d5e6c657c9fe83b562f5f4256d8ebbfe4ff922c495620a7f6cea"},
    {file = "tomli-2.2.1-cp312-cp312-macosx_11_0_arm64.whl", hash = "sha256:8d57ca8095a641b8237d5b079147646153d22552f1c637fd3ba7f4b0b29167a8"},
    {file = "tomli-2.2.1-cp312-cp312-manylinux_2_17_aarch64.manylinux2014_aarch64.whl", hash = "sha256:4e340144ad7ae1533cb897d406382b4b6fede8890a03738ff1683af800d54192"},
    {file = "tomli-2.2.1-cp312-cp312-manylinux_2_17_x86_64.manylinux2014_x86_64.whl", hash = "sha256:db2b95f9de79181805df90bedc5a5ab4c165e6ec3fe99f970d0e302f384ad222"},
    {file = "tomli-2.2.1-cp312-cp312-manylinux_2_5_i686.manylinux1_i686.manylinux_2_17_i686.manylinux2014_i686.whl", hash = "sha256:40741994320b232529c802f8bc86da4e1aa9f413db394617b9a256ae0f9a7f77"},
    {file = "tomli-2.2.1-cp312-cp312-musllinux_1_2_aarch64.whl", hash = "sha256:400e720fe168c0f8521520190686ef8ef033fb19fc493da09779e592861b78c6"},
    {file = "tomli-2.2.1-cp312-cp312-musllinux_1_2_i686.whl", hash = "sha256:02abe224de6ae62c19f090f68da4e27b10af2b93213d36cf44e6e1c5abd19fdd"},
    {file = "tomli-2.2.1-cp312-cp312-musllinux_1_2_x86_64.whl", hash = "sha256:b82ebccc8c8a36f2094e969560a1b836758481f3dc360ce9a3277c65f374285e"},
    {file = "tomli-2.2.1-cp312-cp312-win32.whl", hash = "sha256:889f80ef92701b9dbb224e49ec87c645ce5df3fa2cc548664eb8a25e03127a98"},
    {file = "tomli-2.2.1-cp312-cp312-win_amd64.whl", hash = "sha256:7fc04e92e1d624a4a63c76474610238576942d6b8950a2d7f908a340494e67e4"},
    {file = "tomli-2.2.1-cp313-cp313-macosx_10_13_x86_64.whl", hash = "sha256:f4039b9cbc3048b2416cc57ab3bda989a6fcf9b36cf8937f01a6e731b64f80d7"},
    {file = "tomli-2.2.1-cp313-cp313-macosx_11_0_arm64.whl", hash = "sha256:286f0ca2ffeeb5b9bd4fcc8d6c330534323ec51b2f52da063b11c502da16f30c"},
    {file = "tomli-2.2.1-cp313-cp313-manylinux_2_17_aarch64.manylinux2014_aarch64.whl", hash = "sha256:a92ef1a44547e894e2a17d24e7557a5e85a9e1d0048b0b5e7541f76c5032cb13"},
    {file = "tomli-2.2.1-cp313-cp313-manylinux_2_17_x86_64.manylinux2014_x86_64.whl", hash = "sha256:9316dc65bed1684c9a98ee68759ceaed29d229e985297003e494aa825ebb0281"},
    {file = "tomli-2.2.1-cp313-cp313-manylinux_2_5_i686.manylinux1_i686.manylinux_2_17_i686.manylinux2014_i686.whl", hash = "sha256:e85e99945e688e32d5a35c1ff38ed0b3f41f43fad8df0bdf79f72b2ba7bc5272"},
    {file = "tomli-2.2.1-cp313-cp313-musllinux_1_2_aarch64.whl", hash = "sha256:ac065718db92ca818f8d6141b5f66369833d4a80a9d74435a268c52bdfa73140"},
    {file = "tomli-2.2.1-cp313-cp313-musllinux_1_2_i686.whl", hash = "sha256:d920f33822747519673ee656a4b6ac33e382eca9d331c87770faa3eef562aeb2"},
    {file = "tomli-2.2.1-cp313-cp313-musllinux_1_2_x86_64.whl", hash = "sha256:a198f10c4d1b1375d7687bc25294306e551bf1abfa4eace6650070a5c1ae2744"},
    {file = "tomli-2.2.1-cp313-cp313-win32.whl", hash = "sha256:d3f5614314d758649ab2ab3a62d4f2004c825922f9e370b29416484086b264ec"},
    {file = "tomli-2.2.1-cp313-cp313-win_amd64.whl", hash = "sha256:a38aa0308e754b0e3c67e344754dff64999ff9b513e691d0e786265c93583c69"},
    {file = "tomli-2.2.1-py3-none-any.whl", hash = "sha256:cb55c73c5f4408779d0cf3eef9f762b9c9f147a77de7b258bef0a5628adc85cc"},
    {file = "tomli-2.2.1.tar.gz", hash = "sha256:cd45e1dc79c835ce60f7404ec8119f2eb06d38b1deba146f07ced3bbc44505ff"},
]

[[package]]
name = "typing-extensions"
version = "4.13.2"
description = "Backported and Experimental Type Hints for Python 3.8+"
optional = false
python-versions = ">=3.8"
files = [
    {file = "typing_extensions-4.13.2-py3-none-any.whl", hash = "sha256:a439e7c04b49fec3e5d3e2beaa21755cadbbdc391694e28ccdd36ca4a1408f8c"},
    {file = "typing_extensions-4.13.2.tar.gz", hash = "sha256:e6c81219bd689f51865d9e372991c540bda33a0379d5573cddb9a3a23f7caaef"},
]

[metadata]
lock-version = "2.0"
python-versions = ">=3.9"
content-hash = "130de475bc55bd89751cde96942634c47050fcba524238f5c59388bc2c9e4dd0"
